
Microsoft Visual Studio Solution File, Format Version 12.00
# Visual Studio Version 17
VisualStudioVersion = 17.6.33723.286
MinimumVisualStudioVersion = 10.0.40219.1
Project("{FAE04EC0-301F-11D3-BF4B-00C04F79EFBC}") = "Ans-21", "Ans-21.csproj", "{86B6D5B2-2897-4DF6-9804-41134BBC242B}"
EndProject
Global
	GlobalSection(SolutionConfigurationPlatforms) = preSolution
		Debug|Any CPU = Debug|Any CPU
		Release|Any CPU = Release|Any CPU
	EndGlobalSection
	GlobalSection(ProjectConfigurationPlatforms) = postSolution
		{86B6D5B2-2897-4DF6-9804-41134BBC242B}.Debug|Any CPU.ActiveCfg = Debug|Any CPU
		{86B6D5B2-2897-4DF6-9804-41134BBC242B}.Debug|Any CPU.Build.0 = Debug|Any CPU
		{86B6D5B2-2897-4DF6-9804-41134BBC242B}.Release|Any CPU.ActiveCfg = Release|Any CPU
		{86B6D5B2-2897-4DF6-9804-41134BBC242B}.Release|Any CPU.Build.0 = Release|Any CPU
	EndGlobalSection
	GlobalSection(SolutionProperties) = preSolution
		HideSolutionNode = FALSE
	EndGlobalSection
	GlobalSection(ExtensibilityGlobals) = postSolution
		SolutionGuid = {1FE11473-21AA-47F3-B125-B851A3453F8F}
	EndGlobalSection
EndGlobal
