
Microsoft Visual Studio Solution File, Format Version 12.00
# Visual Studio Version 17
VisualStudioVersion = 17.6.33723.286
MinimumVisualStudioVersion = 10.0.40219.1
Project("{FAE04EC0-301F-11D3-BF4B-00C04F79EFBC}") = "Ans-24", "Ans-24.csproj", "{22ECD812-6606-43B4-93CA-EB21D9004C8F}"
EndProject
Global
	GlobalSection(SolutionConfigurationPlatforms) = preSolution
		Debug|Any CPU = Debug|Any CPU
		Release|Any CPU = Release|Any CPU
	EndGlobalSection
	GlobalSection(ProjectConfigurationPlatforms) = postSolution
		{22ECD812-6606-43B4-93CA-EB21D9004C8F}.Debug|Any CPU.ActiveCfg = Debug|Any CPU
		{22ECD812-6606-43B4-93CA-EB21D9004C8F}.Debug|Any CPU.Build.0 = Debug|Any CPU
		{22ECD812-6606-43B4-93CA-EB21D9004C8F}.Release|Any CPU.ActiveCfg = Release|Any CPU
		{22ECD812-6606-43B4-93CA-EB21D9004C8F}.Release|Any CPU.Build.0 = Release|Any CPU
	EndGlobalSection
	GlobalSection(SolutionProperties) = preSolution
		HideSolutionNode = FALSE
	EndGlobalSection
	GlobalSection(ExtensibilityGlobals) = postSolution
		SolutionGuid = {B7251273-B0F2-408E-8264-70BAE8C54818}
	EndGlobalSection
EndGlobal
