
Microsoft Visual Studio Solution File, Format Version 12.00
# Visual Studio Version 17
VisualStudioVersion = 17.9.34728.123
MinimumVisualStudioVersion = 10.0.40219.1
Project("{FAE04EC0-301F-11D3-BF4B-00C04F79EFBC}") = "Ans-33", "Ans-33.csproj", "{7760B438-9AF3-4274-B5AB-2039C715BE70}"
EndProject
Global
	GlobalSection(SolutionConfigurationPlatforms) = preSolution
		Debug|Any CPU = Debug|Any CPU
		Release|Any CPU = Release|Any CPU
	EndGlobalSection
	GlobalSection(ProjectConfigurationPlatforms) = postSolution
		{7760B438-9AF3-4274-B5AB-2039C715BE70}.Debug|Any CPU.ActiveCfg = Debug|Any CPU
		{7760B438-9AF3-4274-B5AB-2039C715BE70}.Debug|Any CPU.Build.0 = Debug|Any CPU
		{7760B438-9AF3-4274-B5AB-2039C715BE70}.Release|Any CPU.ActiveCfg = Release|Any CPU
		{7760B438-9AF3-4274-B5AB-2039C715BE70}.Release|Any CPU.Build.0 = Release|Any CPU
	EndGlobalSection
	GlobalSection(SolutionProperties) = preSolution
		HideSolutionNode = FALSE
	EndGlobalSection
	GlobalSection(ExtensibilityGlobals) = postSolution
		SolutionGuid = {591E7DCF-F557-42AF-AA64-14EB2EA34EA5}
	EndGlobalSection
EndGlobal
