
Microsoft Visual Studio Solution File, Format Version 12.00
# Visual Studio Version 17
VisualStudioVersion = 17.6.33723.286
MinimumVisualStudioVersion = 10.0.40219.1
Project("{FAE04EC0-301F-11D3-BF4B-00C04F79EFBC}") = "Ans-28", "Ans-28.csproj", "{24CD796E-FA40-432D-A1AF-1976035A1F32}"
EndProject
Global
	GlobalSection(SolutionConfigurationPlatforms) = preSolution
		Debug|Any CPU = Debug|Any CPU
		Release|Any CPU = Release|Any CPU
	EndGlobalSection
	GlobalSection(ProjectConfigurationPlatforms) = postSolution
		{24CD796E-FA40-432D-A1AF-1976035A1F32}.Debug|Any CPU.ActiveCfg = Debug|Any CPU
		{24CD796E-FA40-432D-A1AF-1976035A1F32}.Debug|Any CPU.Build.0 = Debug|Any CPU
		{24CD796E-FA40-432D-A1AF-1976035A1F32}.Release|Any CPU.ActiveCfg = Release|Any CPU
		{24CD796E-FA40-432D-A1AF-1976035A1F32}.Release|Any CPU.Build.0 = Release|Any CPU
	EndGlobalSection
	GlobalSection(SolutionProperties) = preSolution
		HideSolutionNode = FALSE
	EndGlobalSection
	GlobalSection(ExtensibilityGlobals) = postSolution
		SolutionGuid = {BDD3573B-E4B1-40EB-A1B5-472DE2219E83}
	EndGlobalSection
EndGlobal
