
Microsoft Visual Studio Solution File, Format Version 12.00
# Visual Studio Version 17
VisualStudioVersion = 17.9.34728.123
MinimumVisualStudioVersion = 10.0.40219.1
Project("{FAE04EC0-301F-11D3-BF4B-00C04F79EFBC}") = "Ans_52", "Ans_52.csproj", "{46FB83F2-1FCD-4180-A0E2-2F8EEB0516AD}"
EndProject
Global
	GlobalSection(SolutionConfigurationPlatforms) = preSolution
		Debug|Any CPU = Debug|Any CPU
		Release|Any CPU = Release|Any CPU
	EndGlobalSection
	GlobalSection(ProjectConfigurationPlatforms) = postSolution
		{46FB83F2-1FCD-4180-A0E2-2F8EEB0516AD}.Debug|Any CPU.ActiveCfg = Debug|Any CPU
		{46FB83F2-1FCD-4180-A0E2-2F8EEB0516AD}.Debug|Any CPU.Build.0 = Debug|Any CPU
		{46FB83F2-1FCD-4180-A0E2-2F8EEB0516AD}.Release|Any CPU.ActiveCfg = Release|Any CPU
		{46FB83F2-1FCD-4180-A0E2-2F8EEB0516AD}.Release|Any CPU.Build.0 = Release|Any CPU
	EndGlobalSection
	GlobalSection(SolutionProperties) = preSolution
		HideSolutionNode = FALSE
	EndGlobalSection
	GlobalSection(ExtensibilityGlobals) = postSolution
		SolutionGuid = {DBF9F848-E635-41F6-8822-608675844F40}
	EndGlobalSection
EndGlobal
