
Microsoft Visual Studio Solution File, Format Version 12.00
# Visual Studio Version 17
VisualStudioVersion = 17.6.33723.286
MinimumVisualStudioVersion = 10.0.40219.1
Project("{FAE04EC0-301F-11D3-BF4B-00C04F79EFBC}") = "Ans-2", "Ans-2.csproj", "{1AE1FDE3-A703-47C2-9155-FD8A8DC8822F}"
EndProject
Global
	GlobalSection(SolutionConfigurationPlatforms) = preSolution
		Debug|Any CPU = Debug|Any CPU
		Release|Any CPU = Release|Any CPU
	EndGlobalSection
	GlobalSection(ProjectConfigurationPlatforms) = postSolution
		{1AE1FDE3-A703-47C2-9155-FD8A8DC8822F}.Debug|Any CPU.ActiveCfg = Debug|Any CPU
		{1AE1FDE3-A703-47C2-9155-FD8A8DC8822F}.Debug|Any CPU.Build.0 = Debug|Any CPU
		{1AE1FDE3-A703-47C2-9155-FD8A8DC8822F}.Release|Any CPU.ActiveCfg = Release|Any CPU
		{1AE1FDE3-A703-47C2-9155-FD8A8DC8822F}.Release|Any CPU.Build.0 = Release|Any CPU
	EndGlobalSection
	GlobalSection(SolutionProperties) = preSolution
		HideSolutionNode = FALSE
	EndGlobalSection
	GlobalSection(ExtensibilityGlobals) = postSolution
		SolutionGuid = {366ECB90-F6F0-4890-96BF-8DA84B7C3DFA}
	EndGlobalSection
EndGlobal
