
Microsoft Visual Studio Solution File, Format Version 12.00
# Visual Studio Version 17
VisualStudioVersion = 17.6.33723.286
MinimumVisualStudioVersion = 10.0.40219.1
Project("{FAE04EC0-301F-11D3-BF4B-00C04F79EFBC}") = "Ans-23", "Ans-23.csproj", "{A212DDD9-78A5-468B-A360-22418A800FC0}"
EndProject
Global
	GlobalSection(SolutionConfigurationPlatforms) = preSolution
		Debug|Any CPU = Debug|Any CPU
		Release|Any CPU = Release|Any CPU
	EndGlobalSection
	GlobalSection(ProjectConfigurationPlatforms) = postSolution
		{A212DDD9-78A5-468B-A360-22418A800FC0}.Debug|Any CPU.ActiveCfg = Debug|Any CPU
		{A212DDD9-78A5-468B-A360-22418A800FC0}.Debug|Any CPU.Build.0 = Debug|Any CPU
		{A212DDD9-78A5-468B-A360-22418A800FC0}.Release|Any CPU.ActiveCfg = Release|Any CPU
		{A212DDD9-78A5-468B-A360-22418A800FC0}.Release|Any CPU.Build.0 = Release|Any CPU
	EndGlobalSection
	GlobalSection(SolutionProperties) = preSolution
		HideSolutionNode = FALSE
	EndGlobalSection
	GlobalSection(ExtensibilityGlobals) = postSolution
		SolutionGuid = {0203D458-F1F4-437A-A829-E0D4BF47B49C}
	EndGlobalSection
EndGlobal
