
Microsoft Visual Studio Solution File, Format Version 12.00
# Visual Studio Version 17
VisualStudioVersion = 17.6.33723.286
MinimumVisualStudioVersion = 10.0.40219.1
Project("{FAE04EC0-301F-11D3-BF4B-00C04F79EFBC}") = "Ans-29", "Ans-29.csproj", "{A8776BA5-A767-451D-82B5-0F48A46B786B}"
EndProject
Global
	GlobalSection(SolutionConfigurationPlatforms) = preSolution
		Debug|Any CPU = Debug|Any CPU
		Release|Any CPU = Release|Any CPU
	EndGlobalSection
	GlobalSection(ProjectConfigurationPlatforms) = postSolution
		{A8776BA5-A767-451D-82B5-0F48A46B786B}.Debug|Any CPU.ActiveCfg = Debug|Any CPU
		{A8776BA5-A767-451D-82B5-0F48A46B786B}.Debug|Any CPU.Build.0 = Debug|Any CPU
		{A8776BA5-A767-451D-82B5-0F48A46B786B}.Release|Any CPU.ActiveCfg = Release|Any CPU
		{A8776BA5-A767-451D-82B5-0F48A46B786B}.Release|Any CPU.Build.0 = Release|Any CPU
	EndGlobalSection
	GlobalSection(SolutionProperties) = preSolution
		HideSolutionNode = FALSE
	EndGlobalSection
	GlobalSection(ExtensibilityGlobals) = postSolution
		SolutionGuid = {B9B19F2A-0204-40B7-97F1-8C61CD2F0B9C}
	EndGlobalSection
EndGlobal
