
Microsoft Visual Studio Solution File, Format Version 12.00
# Visual Studio Version 17
VisualStudioVersion = 17.6.33723.286
MinimumVisualStudioVersion = 10.0.40219.1
Project("{FAE04EC0-301F-11D3-BF4B-00C04F79EFBC}") = "Ans-8", "Ans-8.csproj", "{32632DC6-57E9-49EF-A255-54AD3AD95C44}"
EndProject
Global
	GlobalSection(SolutionConfigurationPlatforms) = preSolution
		Debug|Any CPU = Debug|Any CPU
		Release|Any CPU = Release|Any CPU
	EndGlobalSection
	GlobalSection(ProjectConfigurationPlatforms) = postSolution
		{32632DC6-57E9-49EF-A255-54AD3AD95C44}.Debug|Any CPU.ActiveCfg = Debug|Any CPU
		{32632DC6-57E9-49EF-A255-54AD3AD95C44}.Debug|Any CPU.Build.0 = Debug|Any CPU
		{32632DC6-57E9-49EF-A255-54AD3AD95C44}.Release|Any CPU.ActiveCfg = Release|Any CPU
		{32632DC6-57E9-49EF-A255-54AD3AD95C44}.Release|Any CPU.Build.0 = Release|Any CPU
	EndGlobalSection
	GlobalSection(SolutionProperties) = preSolution
		HideSolutionNode = FALSE
	EndGlobalSection
	GlobalSection(ExtensibilityGlobals) = postSolution
		SolutionGuid = {4658BD02-4C6A-43AD-B31A-C7327701338F}
	EndGlobalSection
EndGlobal
