
Microsoft Visual Studio Solution File, Format Version 12.00
# Visual Studio Version 17
VisualStudioVersion = 17.9.34728.123
MinimumVisualStudioVersion = 10.0.40219.1
Project("{FAE04EC0-301F-11D3-BF4B-00C04F79EFBC}") = "Ans-42", "Ans-42.csproj", "{33BF0EEE-89B3-4A7B-AC78-809E2D3A19DB}"
EndProject
Global
	GlobalSection(SolutionConfigurationPlatforms) = preSolution
		Debug|Any CPU = Debug|Any CPU
		Release|Any CPU = Release|Any CPU
	EndGlobalSection
	GlobalSection(ProjectConfigurationPlatforms) = postSolution
		{33BF0EEE-89B3-4A7B-AC78-809E2D3A19DB}.Debug|Any CPU.ActiveCfg = Debug|Any CPU
		{33BF0EEE-89B3-4A7B-AC78-809E2D3A19DB}.Debug|Any CPU.Build.0 = Debug|Any CPU
		{33BF0EEE-89B3-4A7B-AC78-809E2D3A19DB}.Release|Any CPU.ActiveCfg = Release|Any CPU
		{33BF0EEE-89B3-4A7B-AC78-809E2D3A19DB}.Release|Any CPU.Build.0 = Release|Any CPU
	EndGlobalSection
	GlobalSection(SolutionProperties) = preSolution
		HideSolutionNode = FALSE
	EndGlobalSection
	GlobalSection(ExtensibilityGlobals) = postSolution
		SolutionGuid = {441439A5-FBAC-4CC1-AD23-5AA4293EB8E2}
	EndGlobalSection
EndGlobal
