
Microsoft Visual Studio Solution File, Format Version 12.00
# Visual Studio Version 17
VisualStudioVersion = 17.9.34728.123
MinimumVisualStudioVersion = 10.0.40219.1
Project("{FAE04EC0-301F-11D3-BF4B-00C04F79EFBC}") = "Ans_49", "Ans_49.csproj", "{92196D8D-465D-48C8-817B-E66333DBABD9}"
EndProject
Global
	GlobalSection(SolutionConfigurationPlatforms) = preSolution
		Debug|Any CPU = Debug|Any CPU
		Release|Any CPU = Release|Any CPU
	EndGlobalSection
	GlobalSection(ProjectConfigurationPlatforms) = postSolution
		{92196D8D-465D-48C8-817B-E66333DBABD9}.Debug|Any CPU.ActiveCfg = Debug|Any CPU
		{92196D8D-465D-48C8-817B-E66333DBABD9}.Debug|Any CPU.Build.0 = Debug|Any CPU
		{92196D8D-465D-48C8-817B-E66333DBABD9}.Release|Any CPU.ActiveCfg = Release|Any CPU
		{92196D8D-465D-48C8-817B-E66333DBABD9}.Release|Any CPU.Build.0 = Release|Any CPU
	EndGlobalSection
	GlobalSection(SolutionProperties) = preSolution
		HideSolutionNode = FALSE
	EndGlobalSection
	GlobalSection(ExtensibilityGlobals) = postSolution
		SolutionGuid = {11F44530-C427-4417-BB9A-8D906C92DB7D}
	EndGlobalSection
EndGlobal
