
Microsoft Visual Studio Solution File, Format Version 12.00
# Visual Studio Version 17
VisualStudioVersion = 17.6.33723.286
MinimumVisualStudioVersion = 10.0.40219.1
Project("{FAE04EC0-301F-11D3-BF4B-00C04F79EFBC}") = "Ans-9", "Ans-9.csproj", "{086BB6C0-93B1-4E35-A1C4-7CBB717196D1}"
EndProject
Global
	GlobalSection(SolutionConfigurationPlatforms) = preSolution
		Debug|Any CPU = Debug|Any CPU
		Release|Any CPU = Release|Any CPU
	EndGlobalSection
	GlobalSection(ProjectConfigurationPlatforms) = postSolution
		{086BB6C0-93B1-4E35-A1C4-7CBB717196D1}.Debug|Any CPU.ActiveCfg = Debug|Any CPU
		{086BB6C0-93B1-4E35-A1C4-7CBB717196D1}.Debug|Any CPU.Build.0 = Debug|Any CPU
		{086BB6C0-93B1-4E35-A1C4-7CBB717196D1}.Release|Any CPU.ActiveCfg = Release|Any CPU
		{086BB6C0-93B1-4E35-A1C4-7CBB717196D1}.Release|Any CPU.Build.0 = Release|Any CPU
	EndGlobalSection
	GlobalSection(SolutionProperties) = preSolution
		HideSolutionNode = FALSE
	EndGlobalSection
	GlobalSection(ExtensibilityGlobals) = postSolution
		SolutionGuid = {7C4CF100-5D81-4566-9D56-E64D7B6F3472}
	EndGlobalSection
EndGlobal
