
Microsoft Visual Studio Solution File, Format Version 12.00
# Visual Studio Version 17
VisualStudioVersion = 17.9.34728.123
MinimumVisualStudioVersion = 10.0.40219.1
Project("{FAE04EC0-301F-11D3-BF4B-00C04F79EFBC}") = "Ans-41", "Ans-41.csproj", "{A5BEE086-6291-4979-88AA-E2262A934907}"
EndProject
Global
	GlobalSection(SolutionConfigurationPlatforms) = preSolution
		Debug|Any CPU = Debug|Any CPU
		Release|Any CPU = Release|Any CPU
	EndGlobalSection
	GlobalSection(ProjectConfigurationPlatforms) = postSolution
		{A5BEE086-6291-4979-88AA-E2262A934907}.Debug|Any CPU.ActiveCfg = Debug|Any CPU
		{A5BEE086-6291-4979-88AA-E2262A934907}.Debug|Any CPU.Build.0 = Debug|Any CPU
		{A5BEE086-6291-4979-88AA-E2262A934907}.Release|Any CPU.ActiveCfg = Release|Any CPU
		{A5BEE086-6291-4979-88AA-E2262A934907}.Release|Any CPU.Build.0 = Release|Any CPU
	EndGlobalSection
	GlobalSection(SolutionProperties) = preSolution
		HideSolutionNode = FALSE
	EndGlobalSection
	GlobalSection(ExtensibilityGlobals) = postSolution
		SolutionGuid = {232BE807-7BBC-49E4-91DA-20B4CE5A89C3}
	EndGlobalSection
EndGlobal
