
Microsoft Visual Studio Solution File, Format Version 12.00
# Visual Studio Version 17
VisualStudioVersion = 17.9.34728.123
MinimumVisualStudioVersion = 10.0.40219.1
Project("{FAE04EC0-301F-11D3-BF4B-00C04F79EFBC}") = "Ans-34", "Ans-34.csproj", "{87FBD7A8-9083-43FB-9FC2-84C53CDEFC98}"
EndProject
Global
	GlobalSection(SolutionConfigurationPlatforms) = preSolution
		Debug|Any CPU = Debug|Any CPU
		Release|Any CPU = Release|Any CPU
	EndGlobalSection
	GlobalSection(ProjectConfigurationPlatforms) = postSolution
		{87FBD7A8-9083-43FB-9FC2-84C53CDEFC98}.Debug|Any CPU.ActiveCfg = Debug|Any CPU
		{87FBD7A8-9083-43FB-9FC2-84C53CDEFC98}.Debug|Any CPU.Build.0 = Debug|Any CPU
		{87FBD7A8-9083-43FB-9FC2-84C53CDEFC98}.Release|Any CPU.ActiveCfg = Release|Any CPU
		{87FBD7A8-9083-43FB-9FC2-84C53CDEFC98}.Release|Any CPU.Build.0 = Release|Any CPU
	EndGlobalSection
	GlobalSection(SolutionProperties) = preSolution
		HideSolutionNode = FALSE
	EndGlobalSection
	GlobalSection(ExtensibilityGlobals) = postSolution
		SolutionGuid = {AE486278-435F-4B5F-860F-150A2FB1D4AF}
	EndGlobalSection
EndGlobal
