
Microsoft Visual Studio Solution File, Format Version 12.00
# Visual Studio Version 17
VisualStudioVersion = 17.9.34728.123
MinimumVisualStudioVersion = 10.0.40219.1
Project("{FAE04EC0-301F-11D3-BF4B-00C04F79EFBC}") = "Ans-36", "Ans-36.csproj", "{1EFB2866-F856-4D35-8066-196EE8D84F6E}"
EndProject
Global
	GlobalSection(SolutionConfigurationPlatforms) = preSolution
		Debug|Any CPU = Debug|Any CPU
		Release|Any CPU = Release|Any CPU
	EndGlobalSection
	GlobalSection(ProjectConfigurationPlatforms) = postSolution
		{1EFB2866-F856-4D35-8066-196EE8D84F6E}.Debug|Any CPU.ActiveCfg = Debug|Any CPU
		{1EFB2866-F856-4D35-8066-196EE8D84F6E}.Debug|Any CPU.Build.0 = Debug|Any CPU
		{1EFB2866-F856-4D35-8066-196EE8D84F6E}.Release|Any CPU.ActiveCfg = Release|Any CPU
		{1EFB2866-F856-4D35-8066-196EE8D84F6E}.Release|Any CPU.Build.0 = Release|Any CPU
	EndGlobalSection
	GlobalSection(SolutionProperties) = preSolution
		HideSolutionNode = FALSE
	EndGlobalSection
	GlobalSection(ExtensibilityGlobals) = postSolution
		SolutionGuid = {7A839BDB-A941-47BE-98A4-794F8D9D3EB3}
	EndGlobalSection
EndGlobal
