
Microsoft Visual Studio Solution File, Format Version 12.00
# Visual Studio Version 17
VisualStudioVersion = 17.9.34728.123
MinimumVisualStudioVersion = 10.0.40219.1
Project("{FAE04EC0-301F-11D3-BF4B-00C04F79EFBC}") = "Ans_53", "Ans_53.csproj", "{B5FB3883-87D8-45E1-8FD3-80831C978453}"
EndProject
Global
	GlobalSection(SolutionConfigurationPlatforms) = preSolution
		Debug|Any CPU = Debug|Any CPU
		Release|Any CPU = Release|Any CPU
	EndGlobalSection
	GlobalSection(ProjectConfigurationPlatforms) = postSolution
		{B5FB3883-87D8-45E1-8FD3-80831C978453}.Debug|Any CPU.ActiveCfg = Debug|Any CPU
		{B5FB3883-87D8-45E1-8FD3-80831C978453}.Debug|Any CPU.Build.0 = Debug|Any CPU
		{B5FB3883-87D8-45E1-8FD3-80831C978453}.Release|Any CPU.ActiveCfg = Release|Any CPU
		{B5FB3883-87D8-45E1-8FD3-80831C978453}.Release|Any CPU.Build.0 = Release|Any CPU
	EndGlobalSection
	GlobalSection(SolutionProperties) = preSolution
		HideSolutionNode = FALSE
	EndGlobalSection
	GlobalSection(ExtensibilityGlobals) = postSolution
		SolutionGuid = {4A16D341-2B0D-48D7-943C-746C9333D06A}
	EndGlobalSection
EndGlobal
